
Microsoft Visual Studio Solution File, Format Version 12.00
# Visual Studio Version 16
VisualStudioVersion = 16.0.31105.61
MinimumVisualStudioVersion = 10.0.40219.1
Project("{FAE04EC0-301F-11D3-BF4B-00C04F79EFBC}") = "pruebagRPC", "pruebagRPC.csproj", "{91B3425A-E3D2-4607-818D-0E2D14486277}"
EndProject
Project("{FAE04EC0-301F-11D3-BF4B-00C04F79EFBC}") = "ClienteRazorPages", "..\ClienteRazorPages\ClienteRazorPages.csproj", "{F0039217-FC6A-404D-9902-E5F8FF1D1772}"
EndProject
Global
	GlobalSection(SolutionConfigurationPlatforms) = preSolution
		Debug|Any CPU = Debug|Any CPU
		Release|Any CPU = Release|Any CPU
	EndGlobalSection
	GlobalSection(ProjectConfigurationPlatforms) = postSolution
		{91B3425A-E3D2-4607-818D-0E2D14486277}.Debug|Any CPU.ActiveCfg = Debug|Any CPU
		{91B3425A-E3D2-4607-818D-0E2D14486277}.Debug|Any CPU.Build.0 = Debug|Any CPU
		{91B3425A-E3D2-4607-818D-0E2D14486277}.Release|Any CPU.ActiveCfg = Release|Any CPU
		{91B3425A-E3D2-4607-818D-0E2D14486277}.Release|Any CPU.Build.0 = Release|Any CPU
		{F0039217-FC6A-404D-9902-E5F8FF1D1772}.Debug|Any CPU.ActiveCfg = Debug|Any CPU
		{F0039217-FC6A-404D-9902-E5F8FF1D1772}.Debug|Any CPU.Build.0 = Debug|Any CPU
		{F0039217-FC6A-404D-9902-E5F8FF1D1772}.Release|Any CPU.ActiveCfg = Release|Any CPU
		{F0039217-FC6A-404D-9902-E5F8FF1D1772}.Release|Any CPU.Build.0 = Release|Any CPU
	EndGlobalSection
	GlobalSection(SolutionProperties) = preSolution
		HideSolutionNode = FALSE
	EndGlobalSection
	GlobalSection(ExtensibilityGlobals) = postSolution
		SolutionGuid = {8AB81CE0-3CA8-4FC3-87B7-43BC8A10A3EF}
	EndGlobalSection
EndGlobal
